// !$*UTF8*$!
{
	archiveVersion = 1;
	classes = {
	};
	objectVersion = 77;
	objects = {

/* Begin PBXBuildFile section */
		F516E26D2F77D66400C859C7 /* AppDelegate.swift in Sources */ = {isa = PBXBuildFile; fileRef = F516E26C2F77D66400C859C7 /* AppDelegate.swift */; };
		F516E2712F77D66400C859C7 /* Main.html in Resources */ = {isa = PBXBuildFile; fileRef = F516E26F2F77D66400C859C7 /* Main.html */; };
		F516E2732F77D66400C859C7 /* Icon.png in Resources */ = {isa = PBXBuildFile; fileRef = F516E2722F77D66400C859C7 /* Icon.png */; };
		F516E2752F77D66400C859C7 /* Style.css in Resources */ = {isa = PBXBuildFile; fileRef = F516E2742F77D66400C859C7 /* Style.css */; };
		F516E2772F77D66400C859C7 /* Script.js in Resources */ = {isa = PBXBuildFile; fileRef = F516E2762F77D66400C859C7 /* Script.js */; };
		F516E2792F77D66400C859C7 /* ViewController.swift in Sources */ = {isa = PBXBuildFile; fileRef = F516E2782F77D66400C859C7 /* ViewController.swift */; };
		F516E27C2F77D66400C859C7 /* Main.storyboard in Resources */ = {isa = PBXBuildFile; fileRef = F516E27A2F77D66400C859C7 /* Main.storyboard */; };
		F516E27E2F77D66400C859C7 /* Assets.xcassets in Resources */ = {isa = PBXBuildFile; fileRef = F516E27D2F77D66400C859C7 /* Assets.xcassets */; };
		F516E2852F77D66500C859C7 /* Thumbmarks Extension.appex in Embed Foundation Extensions */ = {isa = PBXBuildFile; fileRef = F516E2842F77D66500C859C7 /* Thumbmarks Extension.appex */; settings = {ATTRIBUTES = (RemoveHeadersOnCopy, ); }; };
		F516E28A2F77D66500C859C7 /* SafariWebExtensionHandler.swift in Sources */ = {isa = PBXBuildFile; fileRef = F516E2892F77D66500C859C7 /* SafariWebExtensionHandler.swift */; };
		F516E29D2F77D66500C859C7 /* background.js in Resources */ = {isa = PBXBuildFile; fileRef = F516E2962F77D66500C859C7 /* background.js */; };
		F516E29E2F77D66500C859C7 /* css in Resources */ = {isa = PBXBuildFile; fileRef = F516E2972F77D66500C859C7 /* css */; };
		F516E29F2F77D66500C859C7 /* popover-init.js in Resources */ = {isa = PBXBuildFile; fileRef = F516E2982F77D66500C859C7 /* popover-init.js */; };
		F516E2A02F77D66500C859C7 /* main.js in Resources */ = {isa = PBXBuildFile; fileRef = F516E2992F77D66500C859C7 /* main.js */; };
		F516E2A12F77D66500C859C7 /* main.html in Resources */ = {isa = PBXBuildFile; fileRef = F516E29A2F77D66500C859C7 /* main.html */; };
		F516E2A22F77D66500C859C7 /* manifest.json in Resources */ = {isa = PBXBuildFile; fileRef = F516E29B2F77D66500C859C7 /* manifest.json */; };
		F516E2A32F77D66500C859C7 /* assets in Resources */ = {isa = PBXBuildFile; fileRef = F516E29C2F77D66500C859C7 /* assets */; };
		AA00000100000001AABBCC01 /* safari-shim.js in Resources */ = {isa = PBXBuildFile; fileRef = AA00000100000001AABBCC00 /* safari-shim.js */; };
/* End PBXBuildFile section */

/* Begin PBXContainerItemProxy section */
		F516E2862F77D66500C859C7 /* PBXContainerItemProxy */ = {
			isa = PBXContainerItemProxy;
			containerPortal = F516E2612F77D66400C859C7 /* Project object */;
			proxyType = 1;
			remoteGlobalIDString = F516E2832F77D66500C859C7;
			remoteInfo = "Thumbmarks Extension";
		};
/* End PBXContainerItemProxy section */

/* Begin PBXCopyFilesBuildPhase section */
		F516E2912F77D66500C859C7 /* Embed Foundation Extensions */ = {
			isa = PBXCopyFilesBuildPhase;
			buildActionMask = 2147483647;
			dstPath = "";
			dstSubfolderSpec = 13;
			files = (
				F516E2852F77D66500C859C7 /* Thumbmarks Extension.appex in Embed Foundation Extensions */,
			);
			name = "Embed Foundation Extensions";
			runOnlyForDeploymentPostprocessing = 0;
		};
/* End PBXCopyFilesBuildPhase section */

/* Begin PBXFileReference section */
		F516E2692F77D66400C859C7 /* Thumbmarks.app */ = {isa = PBXFileReference; explicitFileType = wrapper.application; includeInIndex = 0; path = Thumbmarks.app; sourceTree = BUILT_PRODUCTS_DIR; };
		F516E26C2F77D66400C859C7 /* AppDelegate.swift */ = {isa = PBXFileReference; lastKnownFileType = sourcecode.swift; path = AppDelegate.swift; sourceTree = "<group>"; };
		F516E2702F77D66400C859C7 /* Base */ = {isa = PBXFileReference; lastKnownFileType = text.html; name = Base; path = Base.lproj/Main.html; sourceTree = "<group>"; };
		F516E2722F77D66400C859C7 /* Icon.png */ = {isa = PBXFileReference; lastKnownFileType = image.png; path = Icon.png; sourceTree = "<group>"; };
		F516E2742F77D66400C859C7 /* Style.css */ = {isa = PBXFileReference; lastKnownFileType = text.css; path = Style.css; sourceTree = "<group>"; };
		F516E2762F77D66400C859C7 /* Script.js */ = {isa = PBXFileReference; lastKnownFileType = sourcecode.javascript; path = Script.js; sourceTree = "<group>"; };
		F516E2782F77D66400C859C7 /* ViewController.swift */ = {isa = PBXFileReference; lastKnownFileType = sourcecode.swift; path = ViewController.swift; sourceTree = "<group>"; };
		F516E27B2F77D66400C859C7 /* Base */ = {isa = PBXFileReference; lastKnownFileType = file.storyboard; name = Base; path = Base.lproj/Main.storyboard; sourceTree = "<group>"; };
		F516E27D2F77D66400C859C7 /* Assets.xcassets */ = {isa = PBXFileReference; lastKnownFileType = folder.assetcatalog; path = Assets.xcassets; sourceTree = "<group>"; };
		F516E27F2F77D66400C859C7 /* Info.plist */ = {isa = PBXFileReference; lastKnownFileType = text.plist.xml; path = Info.plist; sourceTree = "<group>"; };
		F516E2842F77D66500C859C7 /* Thumbmarks Extension.appex */ = {isa = PBXFileReference; explicitFileType = "wrapper.app-extension"; includeInIndex = 0; path = "Thumbmarks Extension.appex"; sourceTree = BUILT_PRODUCTS_DIR; };
		F516E2892F77D66500C859C7 /* SafariWebExtensionHandler.swift */ = {isa = PBXFileReference; lastKnownFileType = sourcecode.swift; path = SafariWebExtensionHandler.swift; sourceTree = "<group>"; };
		F516E28B2F77D66500C859C7 /* Info.plist */ = {isa = PBXFileReference; lastKnownFileType = text.plist.xml; path = Info.plist; sourceTree = "<group>"; };
		F516E2962F77D66500C859C7 /* background.js */ = {isa = PBXFileReference; lastKnownFileType = sourcecode.javascript; name = background.js; path = Resources/background.js; sourceTree = "<group>"; };
		F516E2972F77D66500C859C7 /* css */ = {isa = PBXFileReference; lastKnownFileType = folder; name = css; path = Resources/css; sourceTree = "<group>"; };
		F516E2982F77D66500C859C7 /* popover-init.js */ = {isa = PBXFileReference; lastKnownFileType = sourcecode.javascript; name = "popover-init.js"; path = "Resources/popover-init.js"; sourceTree = "<group>"; };
		F516E2992F77D66500C859C7 /* main.js */ = {isa = PBXFileReference; lastKnownFileType = sourcecode.javascript; name = main.js; path = Resources/main.js; sourceTree = "<group>"; };
		F516E29A2F77D66500C859C7 /* main.html */ = {isa = PBXFileReference; lastKnownFileType = text.html; name = main.html; path = Resources/main.html; sourceTree = "<group>"; };
		F516E29B2F77D66500C859C7 /* manifest.json */ = {isa = PBXFileReference; lastKnownFileType = text.json; name = manifest.json; path = Resources/manifest.json; sourceTree = "<group>"; };
		F516E29C2F77D66500C859C7 /* assets */ = {isa = PBXFileReference; lastKnownFileType = folder; name = assets; path = Resources/assets; sourceTree = "<group>"; };
		AA00000100000001AABBCC00 /* safari-shim.js */ = {isa = PBXFileReference; lastKnownFileType = sourcecode.javascript; name = "safari-shim.js"; path = "Resources/safari-shim.js"; sourceTree = "<group>"; };
/* End PBXFileReference section */

/* Begin PBXFrameworksBuildPhase section */
		F516E2662F77D66400C859C7 /* Frameworks */ = {
			isa = PBXFrameworksBuildPhase;
			buildActionMask = 2147483647;
			files = (
			);
			runOnlyForDeploymentPostprocessing = 0;
		};
		F516E2812F77D66500C859C7 /* Frameworks */ = {
			isa = PBXFrameworksBuildPhase;
			buildActionMask = 2147483647;
			files = (
			);
			runOnlyForDeploymentPostprocessing = 0;
		};
/* End PBXFrameworksBuildPhase section */

/* Begin PBXGroup section */
		F516E2602F77D66400C859C7 = {
			isa = PBXGroup;
			children = (
				F516E26B2F77D66400C859C7 /* Thumbmarks */,
				F516E2882F77D66500C859C7 /* Thumbmarks Extension */,
				F516E26A2F77D66400C859C7 /* Products */,
			);
			sourceTree = "<group>";
		};
		F516E26A2F77D66400C859C7 /* Products */ = {
			isa = PBXGroup;
			children = (
				F516E2692F77D66400C859C7 /* Thumbmarks.app */,
				F516E2842F77D66500C859C7 /* Thumbmarks Extension.appex */,
			);
			name = Products;
			sourceTree = "<group>";
		};
		F516E26B2F77D66400C859C7 /* Thumbmarks */ = {
			isa = PBXGroup;
			children = (
				F516E26C2F77D66400C859C7 /* AppDelegate.swift */,
				F516E2782F77D66400C859C7 /* ViewController.swift */,
				F516E27A2F77D66400C859C7 /* Main.storyboard */,
				F516E27D2F77D66400C859C7 /* Assets.xcassets */,
				F516E27F2F77D66400C859C7 /* Info.plist */,
				F516E26E2F77D66400C859C7 /* Resources */,
			);
			path = Thumbmarks;
			sourceTree = "<group>";
		};
		F516E26E2F77D66400C859C7 /* Resources */ = {
			isa = PBXGroup;
			children = (
				F516E26F2F77D66400C859C7 /* Main.html */,
				F516E2722F77D66400C859C7 /* Icon.png */,
				F516E2742F77D66400C859C7 /* Style.css */,
				F516E2762F77D66400C859C7 /* Script.js */,
			);
			path = Resources;
			sourceTree = "<group>";
		};
		F516E2882F77D66500C859C7 /* Thumbmarks Extension */ = {
			isa = PBXGroup;
			children = (
				F516E2952F77D66500C859C7 /* Resources */,
				F516E2892F77D66500C859C7 /* SafariWebExtensionHandler.swift */,
				F516E28B2F77D66500C859C7 /* Info.plist */,
			);
			path = "Thumbmarks Extension";
			sourceTree = "<group>";
		};
		F516E2952F77D66500C859C7 /* Resources */ = {
			isa = PBXGroup;
			children = (
				F516E2962F77D66500C859C7 /* background.js */,
				F516E2972F77D66500C859C7 /* css */,
				F516E2982F77D66500C859C7 /* popover-init.js */,
				F516E2992F77D66500C859C7 /* main.js */,
				F516E29A2F77D66500C859C7 /* main.html */,
				F516E29B2F77D66500C859C7 /* manifest.json */,
				F516E29C2F77D66500C859C7 /* assets */,
				AA00000100000001AABBCC00 /* safari-shim.js */,
			);
			name = Resources;
			path = "Thumbmarks Extension";
			sourceTree = SOURCE_ROOT;
		};
/* End PBXGroup section */

/* Begin PBXNativeTarget section */
		F516E2682F77D66400C859C7 /* Thumbmarks */ = {
			isa = PBXNativeTarget;
			buildConfigurationList = F516E2922F77D66500C859C7 /* Build configuration list for PBXNativeTarget "Thumbmarks" */;
			buildPhases = (
				F516E2652F77D66400C859C7 /* Sources */,
				F516E2662F77D66400C859C7 /* Frameworks */,
				F516E2672F77D66400C859C7 /* Resources */,
				F516E2912F77D66500C859C7 /* Embed Foundation Extensions */,
			);
			buildRules = (
			);
			dependencies = (
				F516E2872F77D66500C859C7 /* PBXTargetDependency */,
			);
			name = Thumbmarks;
			packageProductDependencies = (
			);
			productName = Thumbmarks;
			productReference = F516E2692F77D66400C859C7 /* Thumbmarks.app */;
			productType = "com.apple.product-type.application";
		};
		F516E2832F77D66500C859C7 /* Thumbmarks Extension */ = {
			isa = PBXNativeTarget;
			buildConfigurationList = F516E28E2F77D66500C859C7 /* Build configuration list for PBXNativeTarget "Thumbmarks Extension" */;
			buildPhases = (
				F516E2802F77D66500C859C7 /* Sources */,
				F516E2812F77D66500C859C7 /* Frameworks */,
				F516E2822F77D66500C859C7 /* Resources */,
			);
			buildRules = (
			);
			dependencies = (
			);
			name = "Thumbmarks Extension";
			packageProductDependencies = (
			);
			productName = "Thumbmarks Extension";
			productReference = F516E2842F77D66500C859C7 /* Thumbmarks Extension.appex */;
			productType = "com.apple.product-type.app-extension";
		};
/* End PBXNativeTarget section */

/* Begin PBXProject section */
		F516E2612F77D66400C859C7 /* Project object */ = {
			isa = PBXProject;
			attributes = {
				BuildIndependentTargetsInParallel = 1;
				LastSwiftUpdateCheck = 2630;
				LastUpgradeCheck = 2630;
				TargetAttributes = {
					F516E2682F77D66400C859C7 = {
						CreatedOnToolsVersion = 26.3;
					};
					F516E2832F77D66500C859C7 = {
						CreatedOnToolsVersion = 26.3;
					};
				};
			};
			buildConfigurationList = F516E2642F77D66400C859C7 /* Build configuration list for PBXProject "Thumbmarks" */;
			developmentRegion = en;
			hasScannedForEncodings = 0;
			knownRegions = (
				en,
				Base,
			);
			mainGroup = F516E2602F77D66400C859C7;
			minimizedProjectReferenceProxies = 1;
			preferredProjectObjectVersion = 77;
			productRefGroup = F516E26A2F77D66400C859C7 /* Products */;
			projectDirPath = "";
			projectRoot = "";
			targets = (
				F516E2682F77D66400C859C7 /* Thumbmarks */,
				F516E2832F77D66500C859C7 /* Thumbmarks Extension */,
			);
		};
/* End PBXProject section */

/* Begin PBXResourcesBuildPhase section */
		F516E2672F77D66400C859C7 /* Resources */ = {
			isa = PBXResourcesBuildPhase;
			buildActionMask = 2147483647;
			files = (
				F516E2732F77D66400C859C7 /* Icon.png in Resources */,
				F516E27C2F77D66400C859C7 /* Main.storyboard in Resources */,
				F516E2772F77D66400C859C7 /* Script.js in Resources */,
				F516E2712F77D66400C859C7 /* Main.html in Resources */,
				F516E27E2F77D66400C859C7 /* Assets.xcassets in Resources */,
				F516E2752F77D66400C859C7 /* Style.css in Resources */,
			);
			runOnlyForDeploymentPostprocessing = 0;
		};
		F516E2822F77D66500C859C7 /* Resources */ = {
			isa = PBXResourcesBuildPhase;
			buildActionMask = 2147483647;
			files = (
				F516E29E2F77D66500C859C7 /* css in Resources */,
				F516E2A12F77D66500C859C7 /* main.html in Resources */,
				F516E2A32F77D66500C859C7 /* assets in Resources */,
				F516E29D2F77D66500C859C7 /* background.js in Resources */,
				F516E29F2F77D66500C859C7 /* popover-init.js in Resources */,
				F516E2A22F77D66500C859C7 /* manifest.json in Resources */,
				F516E2A02F77D66500C859C7 /* main.js in Resources */,
				AA00000100000001AABBCC01 /* safari-shim.js in Resources */,
			);
			runOnlyForDeploymentPostprocessing = 0;
		};
/* End PBXResourcesBuildPhase section */

/* Begin PBXSourcesBuildPhase section */
		F516E2652F77D66400C859C7 /* Sources */ = {
			isa = PBXSourcesBuildPhase;
			buildActionMask = 2147483647;
			files = (
				F516E2792F77D66400C859C7 /* ViewController.swift in Sources */,
				F516E26D2F77D66400C859C7 /* AppDelegate.swift in Sources */,
			);
			runOnlyForDeploymentPostprocessing = 0;
		};
		F516E2802F77D66500C859C7 /* Sources */ = {
			isa = PBXSourcesBuildPhase;
			buildActionMask = 2147483647;
			files = (
				F516E28A2F77D66500C859C7 /* SafariWebExtensionHandler.swift in Sources */,
			);
			runOnlyForDeploymentPostprocessing = 0;
		};
/* End PBXSourcesBuildPhase section */

/* Begin PBXTargetDependency section */
		F516E2872F77D66500C859C7 /* PBXTargetDependency */ = {
			isa = PBXTargetDependency;
			target = F516E2832F77D66500C859C7 /* Thumbmarks Extension */;
			targetProxy = F516E2862F77D66500C859C7 /* PBXContainerItemProxy */;
		};
/* End PBXTargetDependency section */

/* Begin PBXVariantGroup section */
		F516E26F2F77D66400C859C7 /* Main.html */ = {
			isa = PBXVariantGroup;
			children = (
				F516E2702F77D66400C859C7 /* Base */,
			);
			name = Main.html;
			sourceTree = "<group>";
		};
		F516E27A2F77D66400C859C7 /* Main.storyboard */ = {
			isa = PBXVariantGroup;
			children = (
				F516E27B2F77D66400C859C7 /* Base */,
			);
			name = Main.storyboard;
			sourceTree = "<group>";
		};
/* End PBXVariantGroup section */

/* Begin XCBuildConfiguration section */
		F516E28C2F77D66500C859C7 /* Debug */ = {
			isa = XCBuildConfiguration;
			buildSettings = {
				ALWAYS_SEARCH_USER_PATHS = NO;
				ASSETCATALOG_COMPILER_GENERATE_SWIFT_ASSET_SYMBOL_EXTENSIONS = YES;
				CLANG_ANALYZER_NONNULL = YES;
				CLANG_ANALYZER_NUMBER_OBJECT_CONVERSION = YES_AGGRESSIVE;
				CLANG_CXX_LANGUAGE_STANDARD = "gnu++20";
				CLANG_ENABLE_MODULES = YES;
				CLANG_ENABLE_OBJC_ARC = YES;
				CLANG_ENABLE_OBJC_WEAK = YES;
				CLANG_WARN_BLOCK_CAPTURE_AUTORELEASING = YES;
				CLANG_WARN_BOOL_CONVERSION = YES;
				CLANG_WARN_COMMA = YES;
				CLANG_WARN_CONSTANT_CONVERSION = YES;
				CLANG_WARN_DEPRECATED_OBJC_IMPLEMENTATIONS = YES;
				CLANG_WARN_DIRECT_OBJC_ISA_USAGE = YES_ERROR;
				CLANG_WARN_DOCUMENTATION_COMMENTS = YES;
				CLANG_WARN_EMPTY_BODY = YES;
				CLANG_WARN_ENUM_CONVERSION = YES;
				CLANG_WARN_INFINITE_RECURSION = YES;
				CLANG_WARN_INT_CONVERSION = YES;
				CLANG_WARN_NON_LITERAL_NULL_CONVERSION = YES;
				CLANG_WARN_OBJC_IMPLICIT_RETAIN_SELF = YES;
				CLANG_WARN_OBJC_LITERAL_CONVERSION = YES;
				CLANG_WARN_OBJC_ROOT_CLASS = YES_ERROR;
				CLANG_WARN_QUOTED_INCLUDE_IN_FRAMEWORK_HEADER = YES;
				CLANG_WARN_RANGE_LOOP_ANALYSIS = YES;
				CLANG_WARN_STRICT_PROTOTYPES = YES;
				CLANG_WARN_SUSPICIOUS_MOVE = YES;
				CLANG_WARN_UNGUARDED_AVAILABILITY = YES_AGGRESSIVE;
				CLANG_WARN_UNREACHABLE_CODE = YES;
				CLANG_WARN__DUPLICATE_METHOD_MATCH = YES;
				COPY_PHASE_STRIP = NO;
				DEBUG_INFORMATION_FORMAT = dwarf;
				ENABLE_STRICT_OBJC_MSGSEND = YES;
				ENABLE_TESTABILITY = YES;
				ENABLE_USER_SCRIPT_SANDBOXING = YES;
				GCC_C_LANGUAGE_STANDARD = gnu17;
				GCC_DYNAMIC_NO_PIC = NO;
				GCC_NO_COMMON_BLOCKS = YES;
				GCC_OPTIMIZATION_LEVEL = 0;
				GCC_PREPROCESSOR_DEFINITIONS = (
					"DEBUG=1",
					"$(inherited)",
				);
				GCC_WARN_64_TO_32_BIT_CONVERSION = YES;
				GCC_WARN_ABOUT_RETURN_TYPE = YES_ERROR;
				GCC_WARN_UNDECLARED_SELECTOR = YES;
				GCC_WARN_UNINITIALIZED_AUTOS = YES_AGGRESSIVE;
				GCC_WARN_UNUSED_FUNCTION = YES;
				GCC_WARN_UNUSED_VARIABLE = YES;
				LOCALIZATION_PREFERS_STRING_CATALOGS = YES;
				MACOSX_DEPLOYMENT_TARGET = 26.2;
				MTL_ENABLE_DEBUG_INFO = INCLUDE_SOURCE;
				MTL_FAST_MATH = YES;
				ONLY_ACTIVE_ARCH = YES;
				SDKROOT = macosx;
				SWIFT_ACTIVE_COMPILATION_CONDITIONS = "DEBUG $(inherited)";
				SWIFT_OPTIMIZATION_LEVEL = "-Onone";
			};
			name = Debug;
		};
		F516E28D2F77D66500C859C7 /* Release */ = {
			isa = XCBuildConfiguration;
			buildSettings = {
				ALWAYS_SEARCH_USER_PATHS = NO;
				ASSETCATALOG_COMPILER_GENERATE_SWIFT_ASSET_SYMBOL_EXTENSIONS = YES;
				CLANG_ANALYZER_NONNULL = YES;
				CLANG_ANALYZER_NUMBER_OBJECT_CONVERSION = YES_AGGRESSIVE;
				CLANG_CXX_LANGUAGE_STANDARD = "gnu++20";
				CLANG_ENABLE_MODULES = YES;
				CLANG_ENABLE_OBJC_ARC = YES;
				CLANG_ENABLE_OBJC_WEAK = YES;
				CLANG_WARN_BLOCK_CAPTURE_AUTORELEASING = YES;
				CLANG_WARN_BOOL_CONVERSION = YES;
				CLANG_WARN_COMMA = YES;
				CLANG_WARN_CONSTANT_CONVERSION = YES;
				CLANG_WARN_DEPRECATED_OBJC_IMPLEMENTATIONS = YES;
				CLANG_WARN_DIRECT_OBJC_ISA_USAGE = YES_ERROR;
				CLANG_WARN_DOCUMENTATION_COMMENTS = YES;
				CLANG_WARN_EMPTY_BODY = YES;
				CLANG_WARN_ENUM_CONVERSION = YES;
				CLANG_WARN_INFINITE_RECURSION = YES;
				CLANG_WARN_INT_CONVERSION = YES;
				CLANG_WARN_NON_LITERAL_NULL_CONVERSION = YES;
				CLANG_WARN_OBJC_IMPLICIT_RETAIN_SELF = YES;
				CLANG_WARN_OBJC_LITERAL_CONVERSION = YES;
				CLANG_WARN_OBJC_ROOT_CLASS = YES_ERROR;
				CLANG_WARN_QUOTED_INCLUDE_IN_FRAMEWORK_HEADER = YES;
				CLANG_WARN_RANGE_LOOP_ANALYSIS = YES;
				CLANG_WARN_STRICT_PROTOTYPES = YES;
				CLANG_WARN_SUSPICIOUS_MOVE = YES;
				CLANG_WARN_UNGUARDED_AVAILABILITY = YES_AGGRESSIVE;
				CLANG_WARN_UNREACHABLE_CODE = YES;
				CLANG_WARN__DUPLICATE_METHOD_MATCH = YES;
				COPY_PHASE_STRIP = NO;
				DEBUG_INFORMATION_FORMAT = "dwarf-with-dsym";
				ENABLE_NS_ASSERTIONS = NO;
				ENABLE_STRICT_OBJC_MSGSEND = YES;
				ENABLE_USER_SCRIPT_SANDBOXING = YES;
				GCC_C_LANGUAGE_STANDARD = gnu17;
				GCC_NO_COMMON_BLOCKS = YES;
				GCC_WARN_64_TO_32_BIT_CONVERSION = YES;
				GCC_WARN_ABOUT_RETURN_TYPE = YES_ERROR;
				GCC_WARN_UNDECLARED_SELECTOR = YES;
				GCC_WARN_UNINITIALIZED_AUTOS = YES_AGGRESSIVE;
				GCC_WARN_UNUSED_FUNCTION = YES;
				GCC_WARN_UNUSED_VARIABLE = YES;
				LOCALIZATION_PREFERS_STRING_CATALOGS = YES;
				MACOSX_DEPLOYMENT_TARGET = 26.2;
				MTL_ENABLE_DEBUG_INFO = NO;
				MTL_FAST_MATH = YES;
				SDKROOT = macosx;
				SWIFT_COMPILATION_MODE = wholemodule;
			};
			name = Release;
		};
		F516E28F2F77D66500C859C7 /* Debug */ = {
			isa = XCBuildConfiguration;
			buildSettings = {
				CODE_SIGN_STYLE = Automatic;
				CURRENT_PROJECT_VERSION = 1;
				ENABLE_APP_SANDBOX = YES;
				ENABLE_HARDENED_RUNTIME = YES;
				ENABLE_USER_SELECTED_FILES = readonly;
				GENERATE_INFOPLIST_FILE = YES;
				INFOPLIST_FILE = "Thumbmarks Extension/Info.plist";
				INFOPLIST_KEY_CFBundleDisplayName = "Thumbmarks Extension";
				INFOPLIST_KEY_NSHumanReadableCopyright = "";
				LD_RUNPATH_SEARCH_PATHS = (
					"$(inherited)",
					"@executable_path/../Frameworks",
					"@executable_path/../../../../Frameworks",
				);
				MACOSX_DEPLOYMENT_TARGET = 10.14;
				MARKETING_VERSION = 1.0;
				OTHER_LDFLAGS = (
					"-framework",
					SafariServices,
				);
				PRODUCT_BUNDLE_IDENTIFIER = com.thumbmarks.Thumbmarks.Extension;
				PRODUCT_NAME = "$(TARGET_NAME)";
				SKIP_INSTALL = YES;
				STRING_CATALOG_GENERATE_SYMBOLS = YES;
				SWIFT_APPROACHABLE_CONCURRENCY = YES;
				SWIFT_EMIT_LOC_STRINGS = YES;
				SWIFT_UPCOMING_FEATURE_MEMBER_IMPORT_VISIBILITY = YES;
				SWIFT_VERSION = 5.0;
			};
			name = Debug;
		};
		F516E2902F77D66500C859C7 /* Release */ = {
			isa = XCBuildConfiguration;
			buildSettings = {
				CODE_SIGN_STYLE = Automatic;
				CURRENT_PROJECT_VERSION = 1;
				ENABLE_APP_SANDBOX = YES;
				ENABLE_HARDENED_RUNTIME = YES;
				ENABLE_USER_SELECTED_FILES = readonly;
				GENERATE_INFOPLIST_FILE = YES;
				INFOPLIST_FILE = "Thumbmarks Extension/Info.plist";
				INFOPLIST_KEY_CFBundleDisplayName = "Thumbmarks Extension";
				INFOPLIST_KEY_NSHumanReadableCopyright = "";
				LD_RUNPATH_SEARCH_PATHS = (
					"$(inherited)",
					"@executable_path/../Frameworks",
					"@executable_path/../../../../Frameworks",
				);
				MACOSX_DEPLOYMENT_TARGET = 10.14;
				MARKETING_VERSION = 1.0;
				OTHER_LDFLAGS = (
					"-framework",
					SafariServices,
				);
				PRODUCT_BUNDLE_IDENTIFIER = com.thumbmarks.Thumbmarks.Extension;
				PRODUCT_NAME = "$(TARGET_NAME)";
				SKIP_INSTALL = YES;
				STRING_CATALOG_GENERATE_SYMBOLS = YES;
				SWIFT_APPROACHABLE_CONCURRENCY = YES;
				SWIFT_EMIT_LOC_STRINGS = YES;
				SWIFT_UPCOMING_FEATURE_MEMBER_IMPORT_VISIBILITY = YES;
				SWIFT_VERSION = 5.0;
			};
			name = Release;
		};
		F516E2932F77D66500C859C7 /* Debug */ = {
			isa = XCBuildConfiguration;
			buildSettings = {
				ASSETCATALOG_COMPILER_APPICON_NAME = AppIcon;
				ASSETCATALOG_COMPILER_GLOBAL_ACCENT_COLOR_NAME = AccentColor;
				CODE_SIGN_STYLE = Automatic;
				COMBINE_HIDPI_IMAGES = YES;
				CURRENT_PROJECT_VERSION = 1;
				ENABLE_APP_SANDBOX = YES;
				ENABLE_HARDENED_RUNTIME = YES;
				ENABLE_OUTGOING_NETWORK_CONNECTIONS = YES;
				ENABLE_USER_SELECTED_FILES = readonly;
				GENERATE_INFOPLIST_FILE = YES;
				INFOPLIST_FILE = Thumbmarks/Info.plist;
				INFOPLIST_KEY_CFBundleDisplayName = Thumbmarks;
				INFOPLIST_KEY_NSHumanReadableCopyright = "";
				INFOPLIST_KEY_NSMainStoryboardFile = Main;
				INFOPLIST_KEY_NSPrincipalClass = NSApplication;
				LD_RUNPATH_SEARCH_PATHS = (
					"$(inherited)",
					"@executable_path/../Frameworks",
				);
				MARKETING_VERSION = 1.0;
				OTHER_LDFLAGS = (
					"-framework",
					SafariServices,
					"-framework",
					WebKit,
				);
				PRODUCT_BUNDLE_IDENTIFIER = com.thumbmarks.Thumbmarks;
				PRODUCT_NAME = "$(TARGET_NAME)";
				REGISTER_APP_GROUPS = YES;
				STRING_CATALOG_GENERATE_SYMBOLS = YES;
				SWIFT_APPROACHABLE_CONCURRENCY = YES;
				SWIFT_DEFAULT_ACTOR_ISOLATION = MainActor;
				SWIFT_EMIT_LOC_STRINGS = YES;
				SWIFT_UPCOMING_FEATURE_MEMBER_IMPORT_VISIBILITY = YES;
				SWIFT_VERSION = 5.0;
			};
			name = Debug;
		};
		F516E2942F77D66500C859C7 /* Release */ = {
			isa = XCBuildConfiguration;
			buildSettings = {
				ASSETCATALOG_COMPILER_APPICON_NAME = AppIcon;
				ASSETCATALOG_COMPILER_GLOBAL_ACCENT_COLOR_NAME = AccentColor;
				CODE_SIGN_STYLE = Automatic;
				COMBINE_HIDPI_IMAGES = YES;
				CURRENT_PROJECT_VERSION = 1;
				ENABLE_APP_SANDBOX = YES;
				ENABLE_HARDENED_RUNTIME = YES;
				ENABLE_OUTGOING_NETWORK_CONNECTIONS = YES;
				ENABLE_USER_SELECTED_FILES = readonly;
				GENERATE_INFOPLIST_FILE = YES;
				INFOPLIST_FILE = Thumbmarks/Info.plist;
				INFOPLIST_KEY_CFBundleDisplayName = Thumbmarks;
				INFOPLIST_KEY_NSHumanReadableCopyright = "";
				INFOPLIST_KEY_NSMainStoryboardFile = Main;
				INFOPLIST_KEY_NSPrincipalClass = NSApplication;
				LD_RUNPATH_SEARCH_PATHS = (
					"$(inherited)",
					"@executable_path/../Frameworks",
				);
				MARKETING_VERSION = 1.0;
				OTHER_LDFLAGS = (
					"-framework",
					SafariServices,
					"-framework",
					WebKit,
				);
				PRODUCT_BUNDLE_IDENTIFIER = com.thumbmarks.Thumbmarks;
				PRODUCT_NAME = "$(TARGET_NAME)";
				REGISTER_APP_GROUPS = YES;
				STRING_CATALOG_GENERATE_SYMBOLS = YES;
				SWIFT_APPROACHABLE_CONCURRENCY = YES;
				SWIFT_DEFAULT_ACTOR_ISOLATION = MainActor;
				SWIFT_EMIT_LOC_STRINGS = YES;
				SWIFT_UPCOMING_FEATURE_MEMBER_IMPORT_VISIBILITY = YES;
				SWIFT_VERSION = 5.0;
			};
			name = Release;
		};
/* End XCBuildConfiguration section */

/* Begin XCConfigurationList section */
		F516E2642F77D66400C859C7 /* Build configuration list for PBXProject "Thumbmarks" */ = {
			isa = XCConfigurationList;
			buildConfigurations = (
				F516E28C2F77D66500C859C7 /* Debug */,
				F516E28D2F77D66500C859C7 /* Release */,
			);
			defaultConfigurationIsVisible = 0;
			defaultConfigurationName = Release;
		};
		F516E28E2F77D66500C859C7 /* Build configuration list for PBXNativeTarget "Thumbmarks Extension" */ = {
			isa = XCConfigurationList;
			buildConfigurations = (
				F516E28F2F77D66500C859C7 /* Debug */,
				F516E2902F77D66500C859C7 /* Release */,
			);
			defaultConfigurationIsVisible = 0;
			defaultConfigurationName = Release;
		};
		F516E2922F77D66500C859C7 /* Build configuration list for PBXNativeTarget "Thumbmarks" */ = {
			isa = XCConfigurationList;
			buildConfigurations = (
				F516E2932F77D66500C859C7 /* Debug */,
				F516E2942F77D66500C859C7 /* Release */,
			);
			defaultConfigurationIsVisible = 0;
			defaultConfigurationName = Release;
		};
/* End XCConfigurationList section */
	};
	rootObject = F516E2612F77D66400C859C7 /* Project object */;
}
